// !$*UTF8*$!
{
	archiveVersion = 1;
	classes = {
	};
	objectVersion = 56;
	objects = {

/* Begin PBXBuildFile section */
		692E35842C170C9F00B14E0D /* AppDelegate.swift in Sources */ = {isa = PBXBuildFile; fileRef = 692E35832C170C9F00B14E0D /* AppDelegate.swift */; };
		692E35862C170C9F00B14E0D /* SceneDelegate.swift in Sources */ = {isa = PBXBuildFile; fileRef = 692E35852C170C9F00B14E0D /* SceneDelegate.swift */; };
		692E35882C170C9F00B14E0D /* ViewController.swift in Sources */ = {isa = PBXBuildFile; fileRef = 692E35872C170C9F00B14E0D /* ViewController.swift */; };
		692E358B2C170C9F00B14E0D /* Base in Resources */ = {isa = PBXBuildFile; fileRef = 692E358A2C170C9F00B14E0D /* Base */; };
		692E358D2C170CA000B14E0D /* Assets.xcassets in Resources */ = {isa = PBXBuildFile; fileRef = 692E358C2C170CA000B14E0D /* Assets.xcassets */; };
		692E35902C170CA000B14E0D /* Base in Resources */ = {isa = PBXBuildFile; fileRef = 692E358F2C170CA000B14E0D /* Base */; };
		692E359B2C170CA000B14E0D /* SakodaTrainingRSSReaderAppTests.swift in Sources */ = {isa = PBXBuildFile; fileRef = 692E359A2C170CA000B14E0D /* SakodaTrainingRSSReaderAppTests.swift */; };
		692E35A52C170CA000B14E0D /* SakodaTrainingRSSReaderAppUITests.swift in Sources */ = {isa = PBXBuildFile; fileRef = 692E35A42C170CA000B14E0D /* SakodaTrainingRSSReaderAppUITests.swift */; };
		692E35A72C170CA000B14E0D /* SakodaTrainingRSSReaderAppUITestsLaunchTests.swift in Sources */ = {isa = PBXBuildFile; fileRef = 692E35A62C170CA000B14E0D /* SakodaTrainingRSSReaderAppUITestsLaunchTests.swift */; };
		692E35B42C17137300B14E0D /* YahooRSSFeedRepository.swift in Sources */ = {isa = PBXBuildFile; fileRef = 692E35B32C17137300B14E0D /* YahooRSSFeedRepository.swift */; };
		692E35B62C1713A100B14E0D /* RSSFeedFetcher.swift in Sources */ = {isa = PBXBuildFile; fileRef = 692E35B52C1713A100B14E0D /* RSSFeedFetcher.swift */; };
		692E35BB2C17140600B14E0D /* RSSFeedEntity.swift in Sources */ = {isa = PBXBuildFile; fileRef = 692E35BA2C17140600B14E0D /* RSSFeedEntity.swift */; };
		692E35BF2C17147200B14E0D /* RSSFeedError.swift in Sources */ = {isa = PBXBuildFile; fileRef = 692E35BE2C17147200B14E0D /* RSSFeedError.swift */; };
		692E360B2C18787900B14E0D /* XMLCoder in Frameworks */ = {isa = PBXBuildFile; productRef = 692E360A2C18787900B14E0D /* XMLCoder */; };
/* End PBXBuildFile section */

/* Begin PBXContainerItemProxy section */
		692E35972C170CA000B14E0D /* PBXContainerItemProxy */ = {
			isa = PBXContainerItemProxy;
			containerPortal = 692E35782C170C9F00B14E0D /* Project object */;
			proxyType = 1;
			remoteGlobalIDString = 692E357F2C170C9F00B14E0D;
			remoteInfo = SakodaTrainingRSSReaderApp;
		};
		692E35A12C170CA000B14E0D /* PBXContainerItemProxy */ = {
			isa = PBXContainerItemProxy;
			containerPortal = 692E35782C170C9F00B14E0D /* Project object */;
			proxyType = 1;
			remoteGlobalIDString = 692E357F2C170C9F00B14E0D;
			remoteInfo = SakodaTrainingRSSReaderApp;
		};
/* End PBXContainerItemProxy section */

/* Begin PBXFileReference section */
		692E35802C170C9F00B14E0D /* SakodaTrainingRSSReaderApp.app */ = {isa = PBXFileReference; explicitFileType = wrapper.application; includeInIndex = 0; path = SakodaTrainingRSSReaderApp.app; sourceTree = BUILT_PRODUCTS_DIR; };
		692E35832C170C9F00B14E0D /* AppDelegate.swift */ = {isa = PBXFileReference; lastKnownFileType = sourcecode.swift; path = AppDelegate.swift; sourceTree = "<group>"; };
		692E35852C170C9F00B14E0D /* SceneDelegate.swift */ = {isa = PBXFileReference; lastKnownFileType = sourcecode.swift; path = SceneDelegate.swift; sourceTree = "<group>"; };
		692E35872C170C9F00B14E0D /* ViewController.swift */ = {isa = PBXFileReference; lastKnownFileType = sourcecode.swift; path = ViewController.swift; sourceTree = "<group>"; };
		692E358A2C170C9F00B14E0D /* Base */ = {isa = PBXFileReference; lastKnownFileType = file.storyboard; name = Base; path = Base.lproj/Main.storyboard; sourceTree = "<group>"; };
		692E358C2C170CA000B14E0D /* Assets.xcassets */ = {isa = PBXFileReference; lastKnownFileType = folder.assetcatalog; path = Assets.xcassets; sourceTree = "<group>"; };
		692E358F2C170CA000B14E0D /* Base */ = {isa = PBXFileReference; lastKnownFileType = file.storyboard; name = Base; path = Base.lproj/LaunchScreen.storyboard; sourceTree = "<group>"; };
		692E35912C170CA000B14E0D /* Info.plist */ = {isa = PBXFileReference; lastKnownFileType = text.plist.xml; path = Info.plist; sourceTree = "<group>"; };
		692E35962C170CA000B14E0D /* SakodaTrainingRSSReaderAppTests.xctest */ = {isa = PBXFileReference; explicitFileType = wrapper.cfbundle; includeInIndex = 0; path = SakodaTrainingRSSReaderAppTests.xctest; sourceTree = BUILT_PRODUCTS_DIR; };
		692E359A2C170CA000B14E0D /* SakodaTrainingRSSReaderAppTests.swift */ = {isa = PBXFileReference; lastKnownFileType = sourcecode.swift; path = SakodaTrainingRSSReaderAppTests.swift; sourceTree = "<group>"; };
		692E35A02C170CA000B14E0D /* SakodaTrainingRSSReaderAppUITests.xctest */ = {isa = PBXFileReference; explicitFileType = wrapper.cfbundle; includeInIndex = 0; path = SakodaTrainingRSSReaderAppUITests.xctest; sourceTree = BUILT_PRODUCTS_DIR; };
		692E35A42C170CA000B14E0D /* SakodaTrainingRSSReaderAppUITests.swift */ = {isa = PBXFileReference; lastKnownFileType = sourcecode.swift; path = SakodaTrainingRSSReaderAppUITests.swift; sourceTree = "<group>"; };
		692E35A62C170CA000B14E0D /* SakodaTrainingRSSReaderAppUITestsLaunchTests.swift */ = {isa = PBXFileReference; lastKnownFileType = sourcecode.swift; path = SakodaTrainingRSSReaderAppUITestsLaunchTests.swift; sourceTree = "<group>"; };
		692E35B32C17137300B14E0D /* YahooRSSFeedRepository.swift */ = {isa = PBXFileReference; lastKnownFileType = sourcecode.swift; path = YahooRSSFeedRepository.swift; sourceTree = "<group>"; };
		692E35B52C1713A100B14E0D /* RSSFeedFetcher.swift */ = {isa = PBXFileReference; lastKnownFileType = sourcecode.swift; path = RSSFeedFetcher.swift; sourceTree = "<group>"; };
		692E35BA2C17140600B14E0D /* RSSFeedEntity.swift */ = {isa = PBXFileReference; lastKnownFileType = sourcecode.swift; path = RSSFeedEntity.swift; sourceTree = "<group>"; };
		692E35BE2C17147200B14E0D /* RSSFeedError.swift */ = {isa = PBXFileReference; lastKnownFileType = sourcecode.swift; path = RSSFeedError.swift; sourceTree = "<group>"; };
/* End PBXFileReference section */

/* Begin PBXFrameworksBuildPhase section */
		692E357D2C170C9F00B14E0D /* Frameworks */ = {
			isa = PBXFrameworksBuildPhase;
			buildActionMask = 2147483647;
			files = (
				692E360B2C18787900B14E0D /* XMLCoder in Frameworks */,
			);
			runOnlyForDeploymentPostprocessing = 0;
		};
		692E35932C170CA000B14E0D /* Frameworks */ = {
			isa = PBXFrameworksBuildPhase;
			buildActionMask = 2147483647;
			files = (
			);
			runOnlyForDeploymentPostprocessing = 0;
		};
		692E359D2C170CA000B14E0D /* Frameworks */ = {
			isa = PBXFrameworksBuildPhase;
			buildActionMask = 2147483647;
			files = (
			);
			runOnlyForDeploymentPostprocessing = 0;
		};
/* End PBXFrameworksBuildPhase section */

/* Begin PBXGroup section */
		692E35772C170C9F00B14E0D = {
			isa = PBXGroup;
			children = (
				692E35822C170C9F00B14E0D /* SakodaTrainingRSSReaderApp */,
				692E35992C170CA000B14E0D /* SakodaTrainingRSSReaderAppTests */,
				692E35A32C170CA000B14E0D /* SakodaTrainingRSSReaderAppUITests */,
				692E35812C170C9F00B14E0D /* Products */,
			);
			sourceTree = "<group>";
		};
		692E35812C170C9F00B14E0D /* Products */ = {
			isa = PBXGroup;
			children = (
				692E35802C170C9F00B14E0D /* SakodaTrainingRSSReaderApp.app */,
				692E35962C170CA000B14E0D /* SakodaTrainingRSSReaderAppTests.xctest */,
				692E35A02C170CA000B14E0D /* SakodaTrainingRSSReaderAppUITests.xctest */,
			);
			name = Products;
			sourceTree = "<group>";
		};
		692E35822C170C9F00B14E0D /* SakodaTrainingRSSReaderApp */ = {
			isa = PBXGroup;
			children = (
				692E35832C170C9F00B14E0D /* AppDelegate.swift */,
				692E35852C170C9F00B14E0D /* SceneDelegate.swift */,
				692E35872C170C9F00B14E0D /* ViewController.swift */,
				692E35BD2C17144900B14E0D /* Model */,
				692E35892C170C9F00B14E0D /* Main.storyboard */,
				692E358C2C170CA000B14E0D /* Assets.xcassets */,
				692E358E2C170CA000B14E0D /* LaunchScreen.storyboard */,
				692E35912C170CA000B14E0D /* Info.plist */,
			);
			path = SakodaTrainingRSSReaderApp;
			sourceTree = "<group>";
		};
		692E35992C170CA000B14E0D /* SakodaTrainingRSSReaderAppTests */ = {
			isa = PBXGroup;
			children = (
				692E359A2C170CA000B14E0D /* SakodaTrainingRSSReaderAppTests.swift */,
			);
			path = SakodaTrainingRSSReaderAppTests;
			sourceTree = "<group>";
		};
		692E35A32C170CA000B14E0D /* SakodaTrainingRSSReaderAppUITests */ = {
			isa = PBXGroup;
			children = (
				692E35A42C170CA000B14E0D /* SakodaTrainingRSSReaderAppUITests.swift */,
				692E35A62C170CA000B14E0D /* SakodaTrainingRSSReaderAppUITestsLaunchTests.swift */,
			);
			path = SakodaTrainingRSSReaderAppUITests;
			sourceTree = "<group>";
		};
		692E35BC2C17142600B14E0D /* Data */ = {
			isa = PBXGroup;
			children = (
				692E35BA2C17140600B14E0D /* RSSFeedEntity.swift */,
				692E35B52C1713A100B14E0D /* RSSFeedFetcher.swift */,
				692E35B32C17137300B14E0D /* YahooRSSFeedRepository.swift */,
			);
			path = Data;
			sourceTree = "<group>";
		};
		692E35BD2C17144900B14E0D /* Model */ = {
			isa = PBXGroup;
			children = (
				692E35BE2C17147200B14E0D /* RSSFeedError.swift */,
				692E35BC2C17142600B14E0D /* Data */,
			);
			path = Model;
			sourceTree = "<group>";
		};
/* End PBXGroup section */

/* Begin PBXNativeTarget section */
		692E357F2C170C9F00B14E0D /* SakodaTrainingRSSReaderApp */ = {
			isa = PBXNativeTarget;
			buildConfigurationList = 692E35AA2C170CA000B14E0D /* Build configuration list for PBXNativeTarget "SakodaTrainingRSSReaderApp" */;
			buildPhases = (
				692E357C2C170C9F00B14E0D /* Sources */,
				692E357D2C170C9F00B14E0D /* Frameworks */,
				692E357E2C170C9F00B14E0D /* Resources */,
			);
			buildRules = (
			);
			dependencies = (
			);
			name = SakodaTrainingRSSReaderApp;
			packageProductDependencies = (
				692E360A2C18787900B14E0D /* XMLCoder */,
			);
			productName = SakodaTrainingRSSReaderApp;
			productReference = 692E35802C170C9F00B14E0D /* SakodaTrainingRSSReaderApp.app */;
			productType = "com.apple.product-type.application";
		};
		692E35952C170CA000B14E0D /* SakodaTrainingRSSReaderAppTests */ = {
			isa = PBXNativeTarget;
			buildConfigurationList = 692E35AD2C170CA000B14E0D /* Build configuration list for PBXNativeTarget "SakodaTrainingRSSReaderAppTests" */;
			buildPhases = (
				692E35922C170CA000B14E0D /* Sources */,
				692E35932C170CA000B14E0D /* Frameworks */,
				692E35942C170CA000B14E0D /* Resources */,
			);
			buildRules = (
			);
			dependencies = (
				692E35982C170CA000B14E0D /* PBXTargetDependency */,
			);
			name = SakodaTrainingRSSReaderAppTests;
			productName = SakodaTrainingRSSReaderAppTests;
			productReference = 692E35962C170CA000B14E0D /* SakodaTrainingRSSReaderAppTests.xctest */;
			productType = "com.apple.product-type.bundle.unit-test";
		};
		692E359F2C170CA000B14E0D /* SakodaTrainingRSSReaderAppUITests */ = {
			isa = PBXNativeTarget;
			buildConfigurationList = 692E35B02C170CA000B14E0D /* Build configuration list for PBXNativeTarget "SakodaTrainingRSSReaderAppUITests" */;
			buildPhases = (
				692E359C2C170CA000B14E0D /* Sources */,
				692E359D2C170CA000B14E0D /* Frameworks */,
				692E359E2C170CA000B14E0D /* Resources */,
			);
			buildRules = (
			);
			dependencies = (
				692E35A22C170CA000B14E0D /* PBXTargetDependency */,
			);
			name = SakodaTrainingRSSReaderAppUITests;
			productName = SakodaTrainingRSSReaderAppUITests;
			productReference = 692E35A02C170CA000B14E0D /* SakodaTrainingRSSReaderAppUITests.xctest */;
			productType = "com.apple.product-type.bundle.ui-testing";
		};
/* End PBXNativeTarget section */

/* Begin PBXProject section */
		692E35782C170C9F00B14E0D /* Project object */ = {
			isa = PBXProject;
			attributes = {
				BuildIndependentTargetsInParallel = 1;
				LastSwiftUpdateCheck = 1540;
				LastUpgradeCheck = 1540;
				TargetAttributes = {
					692E357F2C170C9F00B14E0D = {
						CreatedOnToolsVersion = 15.4;
					};
					692E35952C170CA000B14E0D = {
						CreatedOnToolsVersion = 15.4;
						TestTargetID = 692E357F2C170C9F00B14E0D;
					};
					692E359F2C170CA000B14E0D = {
						CreatedOnToolsVersion = 15.4;
						TestTargetID = 692E357F2C170C9F00B14E0D;
					};
				};
			};
			buildConfigurationList = 692E357B2C170C9F00B14E0D /* Build configuration list for PBXProject "SakodaTrainingRSSReaderApp" */;
			compatibilityVersion = "Xcode 14.0";
			developmentRegion = en;
			hasScannedForEncodings = 0;
			knownRegions = (
				en,
				Base,
			);
			mainGroup = 692E35772C170C9F00B14E0D;
			packageReferences = (
				692E36092C18787900B14E0D /* XCRemoteSwiftPackageReference "XMLCoder" */,
			);
			productRefGroup = 692E35812C170C9F00B14E0D /* Products */;
			projectDirPath = "";
			projectRoot = "";
			targets = (
				692E357F2C170C9F00B14E0D /* SakodaTrainingRSSReaderApp */,
				692E35952C170CA000B14E0D /* SakodaTrainingRSSReaderAppTests */,
				692E359F2C170CA000B14E0D /* SakodaTrainingRSSReaderAppUITests */,
			);
		};
/* End PBXProject section */

/* Begin PBXResourcesBuildPhase section */
		692E357E2C170C9F00B14E0D /* Resources */ = {
			isa = PBXResourcesBuildPhase;
			buildActionMask = 2147483647;
			files = (
				692E358D2C170CA000B14E0D /* Assets.xcassets in Resources */,
				692E35902C170CA000B14E0D /* Base in Resources */,
				692E358B2C170C9F00B14E0D /* Base in Resources */,
			);
			runOnlyForDeploymentPostprocessing = 0;
		};
		692E35942C170CA000B14E0D /* Resources */ = {
			isa = PBXResourcesBuildPhase;
			buildActionMask = 2147483647;
			files = (
			);
			runOnlyForDeploymentPostprocessing = 0;
		};
		692E359E2C170CA000B14E0D /* Resources */ = {
			isa = PBXResourcesBuildPhase;
			buildActionMask = 2147483647;
			files = (
			);
			runOnlyForDeploymentPostprocessing = 0;
		};
/* End PBXResourcesBuildPhase section */

/* Begin PBXSourcesBuildPhase section */
		692E357C2C170C9F00B14E0D /* Sources */ = {
			isa = PBXSourcesBuildPhase;
			buildActionMask = 2147483647;
			files = (
				692E35882C170C9F00B14E0D /* ViewController.swift in Sources */,
				692E35BF2C17147200B14E0D /* RSSFeedError.swift in Sources */,
				692E35BB2C17140600B14E0D /* RSSFeedEntity.swift in Sources */,
				692E35842C170C9F00B14E0D /* AppDelegate.swift in Sources */,
				692E35862C170C9F00B14E0D /* SceneDelegate.swift in Sources */,
				692E35B62C1713A100B14E0D /* RSSFeedFetcher.swift in Sources */,
				692E35B42C17137300B14E0D /* YahooRSSFeedRepository.swift in Sources */,
			);
			runOnlyForDeploymentPostprocessing = 0;
		};
		692E35922C170CA000B14E0D /* Sources */ = {
			isa = PBXSourcesBuildPhase;
			buildActionMask = 2147483647;
			files = (
				692E359B2C170CA000B14E0D /* SakodaTrainingRSSReaderAppTests.swift in Sources */,
			);
			runOnlyForDeploymentPostprocessing = 0;
		};
		692E359C2C170CA000B14E0D /* Sources */ = {
			isa = PBXSourcesBuildPhase;
			buildActionMask = 2147483647;
			files = (
				692E35A52C170CA000B14E0D /* SakodaTrainingRSSReaderAppUITests.swift in Sources */,
				692E35A72C170CA000B14E0D /* SakodaTrainingRSSReaderAppUITestsLaunchTests.swift in Sources */,
			);
			runOnlyForDeploymentPostprocessing = 0;
		};
/* End PBXSourcesBuildPhase section */

/* Begin PBXTargetDependency section */
		692E35982C170CA000B14E0D /* PBXTargetDependency */ = {
			isa = PBXTargetDependency;
			target = 692E357F2C170C9F00B14E0D /* SakodaTrainingRSSReaderApp */;
			targetProxy = 692E35972C170CA000B14E0D /* PBXContainerItemProxy */;
		};
		692E35A22C170CA000B14E0D /* PBXTargetDependency */ = {
			isa = PBXTargetDependency;
			target = 692E357F2C170C9F00B14E0D /* SakodaTrainingRSSReaderApp */;
			targetProxy = 692E35A12C170CA000B14E0D /* PBXContainerItemProxy */;
		};
/* End PBXTargetDependency section */

/* Begin PBXVariantGroup section */
		692E35892C170C9F00B14E0D /* Main.storyboard */ = {
			isa = PBXVariantGroup;
			children = (
				692E358A2C170C9F00B14E0D /* Base */,
			);
			name = Main.storyboard;
			sourceTree = "<group>";
		};
		692E358E2C170CA000B14E0D /* LaunchScreen.storyboard */ = {
			isa = PBXVariantGroup;
			children = (
				692E358F2C170CA000B14E0D /* Base */,
			);
			name = LaunchScreen.storyboard;
			sourceTree = "<group>";
		};
/* End PBXVariantGroup section */

/* Begin XCBuildConfiguration section */
		692E35A82C170CA000B14E0D /* Debug */ = {
			isa = XCBuildConfiguration;
			buildSettings = {
				ALWAYS_SEARCH_USER_PATHS = NO;
				ASSETCATALOG_COMPILER_GENERATE_SWIFT_ASSET_SYMBOL_EXTENSIONS = YES;
				CLANG_ANALYZER_NONNULL = YES;
				CLANG_ANALYZER_NUMBER_OBJECT_CONVERSION = YES_AGGRESSIVE;
				CLANG_CXX_LANGUAGE_STANDARD = "gnu++20";
				CLANG_ENABLE_MODULES = YES;
				CLANG_ENABLE_OBJC_ARC = YES;
				CLANG_ENABLE_OBJC_WEAK = YES;
				CLANG_WARN_BLOCK_CAPTURE_AUTORELEASING = YES;
				CLANG_WARN_BOOL_CONVERSION = YES;
				CLANG_WARN_COMMA = YES;
				CLANG_WARN_CONSTANT_CONVERSION = YES;
				CLANG_WARN_DEPRECATED_OBJC_IMPLEMENTATIONS = YES;
				CLANG_WARN_DIRECT_OBJC_ISA_USAGE = YES_ERROR;
				CLANG_WARN_DOCUMENTATION_COMMENTS = YES;
				CLANG_WARN_EMPTY_BODY = YES;
				CLANG_WARN_ENUM_CONVERSION = YES;
				CLANG_WARN_INFINITE_RECURSION = YES;
				CLANG_WARN_INT_CONVERSION = YES;
				CLANG_WARN_NON_LITERAL_NULL_CONVERSION = YES;
				CLANG_WARN_OBJC_IMPLICIT_RETAIN_SELF = YES;
				CLANG_WARN_OBJC_LITERAL_CONVERSION = YES;
				CLANG_WARN_OBJC_ROOT_CLASS = YES_ERROR;
				CLANG_WARN_QUOTED_INCLUDE_IN_FRAMEWORK_HEADER = YES;
				CLANG_WARN_RANGE_LOOP_ANALYSIS = YES;
				CLANG_WARN_STRICT_PROTOTYPES = YES;
				CLANG_WARN_SUSPICIOUS_MOVE = YES;
				CLANG_WARN_UNGUARDED_AVAILABILITY = YES_AGGRESSIVE;
				CLANG_WARN_UNREACHABLE_CODE = YES;
				CLANG_WARN__DUPLICATE_METHOD_MATCH = YES;
				COPY_PHASE_STRIP = NO;
				DEBUG_INFORMATION_FORMAT = dwarf;
				ENABLE_STRICT_OBJC_MSGSEND = YES;
				ENABLE_TESTABILITY = YES;
				ENABLE_USER_SCRIPT_SANDBOXING = YES;
				GCC_C_LANGUAGE_STANDARD = gnu17;
				GCC_DYNAMIC_NO_PIC = NO;
				GCC_NO_COMMON_BLOCKS = YES;
				GCC_OPTIMIZATION_LEVEL = 0;
				GCC_PREPROCESSOR_DEFINITIONS = (
					"DEBUG=1",
					"$(inherited)",
				);
				GCC_WARN_64_TO_32_BIT_CONVERSION = YES;
				GCC_WARN_ABOUT_RETURN_TYPE = YES_ERROR;
				GCC_WARN_UNDECLARED_SELECTOR = YES;
				GCC_WARN_UNINITIALIZED_AUTOS = YES_AGGRESSIVE;
				GCC_WARN_UNUSED_FUNCTION = YES;
				GCC_WARN_UNUSED_VARIABLE = YES;
				IPHONEOS_DEPLOYMENT_TARGET = 17.5;
				LOCALIZATION_PREFERS_STRING_CATALOGS = YES;
				MTL_ENABLE_DEBUG_INFO = INCLUDE_SOURCE;
				MTL_FAST_MATH = YES;
				ONLY_ACTIVE_ARCH = YES;
				SDKROOT = iphoneos;
				SWIFT_ACTIVE_COMPILATION_CONDITIONS = "DEBUG $(inherited)";
				SWIFT_OPTIMIZATION_LEVEL = "-Onone";
			};
			name = Debug;
		};
		692E35A92C170CA000B14E0D /* Release */ = {
			isa = XCBuildConfiguration;
			buildSettings = {
				ALWAYS_SEARCH_USER_PATHS = NO;
				ASSETCATALOG_COMPILER_GENERATE_SWIFT_ASSET_SYMBOL_EXTENSIONS = YES;
				CLANG_ANALYZER_NONNULL = YES;
				CLANG_ANALYZER_NUMBER_OBJECT_CONVERSION = YES_AGGRESSIVE;
				CLANG_CXX_LANGUAGE_STANDARD = "gnu++20";
				CLANG_ENABLE_MODULES = YES;
				CLANG_ENABLE_OBJC_ARC = YES;
				CLANG_ENABLE_OBJC_WEAK = YES;
				CLANG_WARN_BLOCK_CAPTURE_AUTORELEASING = YES;
				CLANG_WARN_BOOL_CONVERSION = YES;
				CLANG_WARN_COMMA = YES;
				CLANG_WARN_CONSTANT_CONVERSION = YES;
				CLANG_WARN_DEPRECATED_OBJC_IMPLEMENTATIONS = YES;
				CLANG_WARN_DIRECT_OBJC_ISA_USAGE = YES_ERROR;
				CLANG_WARN_DOCUMENTATION_COMMENTS = YES;
				CLANG_WARN_EMPTY_BODY = YES;
				CLANG_WARN_ENUM_CONVERSION = YES;
				CLANG_WARN_INFINITE_RECURSION = YES;
				CLANG_WARN_INT_CONVERSION = YES;
				CLANG_WARN_NON_LITERAL_NULL_CONVERSION = YES;
				CLANG_WARN_OBJC_IMPLICIT_RETAIN_SELF = YES;
				CLANG_WARN_OBJC_LITERAL_CONVERSION = YES;
				CLANG_WARN_OBJC_ROOT_CLASS = YES_ERROR;
				CLANG_WARN_QUOTED_INCLUDE_IN_FRAMEWORK_HEADER = YES;
				CLANG_WARN_RANGE_LOOP_ANALYSIS = YES;
				CLANG_WARN_STRICT_PROTOTYPES = YES;
				CLANG_WARN_SUSPICIOUS_MOVE = YES;
				CLANG_WARN_UNGUARDED_AVAILABILITY = YES_AGGRESSIVE;
				CLANG_WARN_UNREACHABLE_CODE = YES;
				CLANG_WARN__DUPLICATE_METHOD_MATCH = YES;
				COPY_PHASE_STRIP = NO;
				DEBUG_INFORMATION_FORMAT = "dwarf-with-dsym";
				ENABLE_NS_ASSERTIONS = NO;
				ENABLE_STRICT_OBJC_MSGSEND = YES;
				ENABLE_USER_SCRIPT_SANDBOXING = YES;
				GCC_C_LANGUAGE_STANDARD = gnu17;
				GCC_NO_COMMON_BLOCKS = YES;
				GCC_WARN_64_TO_32_BIT_CONVERSION = YES;
				GCC_WARN_ABOUT_RETURN_TYPE = YES_ERROR;
				GCC_WARN_UNDECLARED_SELECTOR = YES;
				GCC_WARN_UNINITIALIZED_AUTOS = YES_AGGRESSIVE;
				GCC_WARN_UNUSED_FUNCTION = YES;
				GCC_WARN_UNUSED_VARIABLE = YES;
				IPHONEOS_DEPLOYMENT_TARGET = 17.5;
				LOCALIZATION_PREFERS_STRING_CATALOGS = YES;
				MTL_ENABLE_DEBUG_INFO = NO;
				MTL_FAST_MATH = YES;
				SDKROOT = iphoneos;
				SWIFT_COMPILATION_MODE = wholemodule;
				VALIDATE_PRODUCT = YES;
			};
			name = Release;
		};
		692E35AB2C170CA000B14E0D /* Debug */ = {
			isa = XCBuildConfiguration;
			buildSettings = {
				ASSETCATALOG_COMPILER_APPICON_NAME = AppIcon;
				ASSETCATALOG_COMPILER_GLOBAL_ACCENT_COLOR_NAME = AccentColor;
				CODE_SIGN_STYLE = Automatic;
				CURRENT_PROJECT_VERSION = 1;
				DEVELOPMENT_TEAM = 6NMWZ48XL4;
				GENERATE_INFOPLIST_FILE = YES;
				INFOPLIST_FILE = SakodaTrainingRSSReaderApp/Info.plist;
				INFOPLIST_KEY_UIApplicationSupportsIndirectInputEvents = YES;
				INFOPLIST_KEY_UILaunchStoryboardName = LaunchScreen;
				INFOPLIST_KEY_UIMainStoryboardFile = Main;
				INFOPLIST_KEY_UISupportedInterfaceOrientations_iPad = "UIInterfaceOrientationPortrait UIInterfaceOrientationPortraitUpsideDown UIInterfaceOrientationLandscapeLeft UIInterfaceOrientationLandscapeRight";
				INFOPLIST_KEY_UISupportedInterfaceOrientations_iPhone = "UIInterfaceOrientationPortrait UIInterfaceOrientationLandscapeLeft UIInterfaceOrientationLandscapeRight";
				LD_RUNPATH_SEARCH_PATHS = (
					"$(inherited)",
					"@executable_path/Frameworks",
				);
				MARKETING_VERSION = 1.0;
				PRODUCT_BUNDLE_IDENTIFIER = com.sako.SakodaTrainingRSSReaderApp;
				PRODUCT_NAME = "$(TARGET_NAME)";
				SWIFT_EMIT_LOC_STRINGS = YES;
				SWIFT_VERSION = 5.0;
				TARGETED_DEVICE_FAMILY = "1,2";
			};
			name = Debug;
		};
		692E35AC2C170CA000B14E0D /* Release */ = {
			isa = XCBuildConfiguration;
			buildSettings = {
				ASSETCATALOG_COMPILER_APPICON_NAME = AppIcon;
				ASSETCATALOG_COMPILER_GLOBAL_ACCENT_COLOR_NAME = AccentColor;
				CODE_SIGN_STYLE = Automatic;
				CURRENT_PROJECT_VERSION = 1;
				DEVELOPMENT_TEAM = 6NMWZ48XL4;
				GENERATE_INFOPLIST_FILE = YES;
				INFOPLIST_FILE = SakodaTrainingRSSReaderApp/Info.plist;
				INFOPLIST_KEY_UIApplicationSupportsIndirectInputEvents = YES;
				INFOPLIST_KEY_UILaunchStoryboardName = LaunchScreen;
				INFOPLIST_KEY_UIMainStoryboardFile = Main;
				INFOPLIST_KEY_UISupportedInterfaceOrientations_iPad = "UIInterfaceOrientationPortrait UIInterfaceOrientationPortraitUpsideDown UIInterfaceOrientationLandscapeLeft UIInterfaceOrientationLandscapeRight";
				INFOPLIST_KEY_UISupportedInterfaceOrientations_iPhone = "UIInterfaceOrientationPortrait UIInterfaceOrientationLandscapeLeft UIInterfaceOrientationLandscapeRight";
				LD_RUNPATH_SEARCH_PATHS = (
					"$(inherited)",
					"@executable_path/Frameworks",
				);
				MARKETING_VERSION = 1.0;
				PRODUCT_BUNDLE_IDENTIFIER = com.sako.SakodaTrainingRSSReaderApp;
				PRODUCT_NAME = "$(TARGET_NAME)";
				SWIFT_EMIT_LOC_STRINGS = YES;
				SWIFT_VERSION = 5.0;
				TARGETED_DEVICE_FAMILY = "1,2";
			};
			name = Release;
		};
		692E35AE2C170CA000B14E0D /* Debug */ = {
			isa = XCBuildConfiguration;
			buildSettings = {
				ALWAYS_EMBED_SWIFT_STANDARD_LIBRARIES = YES;
				BUNDLE_LOADER = "$(TEST_HOST)";
				CODE_SIGN_STYLE = Automatic;
				CURRENT_PROJECT_VERSION = 1;
				DEVELOPMENT_TEAM = 6NMWZ48XL4;
				GENERATE_INFOPLIST_FILE = YES;
				IPHONEOS_DEPLOYMENT_TARGET = 17.5;
				MARKETING_VERSION = 1.0;
				PRODUCT_BUNDLE_IDENTIFIER = com.sako.SakodaTrainingRSSReaderAppTests;
				PRODUCT_NAME = "$(TARGET_NAME)";
				SWIFT_EMIT_LOC_STRINGS = NO;
				SWIFT_VERSION = 5.0;
				TARGETED_DEVICE_FAMILY = "1,2";
				TEST_HOST = "$(BUILT_PRODUCTS_DIR)/SakodaTrainingRSSReaderApp.app/$(BUNDLE_EXECUTABLE_FOLDER_PATH)/SakodaTrainingRSSReaderApp";
			};
			name = Debug;
		};
		692E35AF2C170CA000B14E0D /* Release */ = {
			isa = XCBuildConfiguration;
			buildSettings = {
				ALWAYS_EMBED_SWIFT_STANDARD_LIBRARIES = YES;
				BUNDLE_LOADER = "$(TEST_HOST)";
				CODE_SIGN_STYLE = Automatic;
				CURRENT_PROJECT_VERSION = 1;
				DEVELOPMENT_TEAM = 6NMWZ48XL4;
				GENERATE_INFOPLIST_FILE = YES;
				IPHONEOS_DEPLOYMENT_TARGET = 17.5;
				MARKETING_VERSION = 1.0;
				PRODUCT_BUNDLE_IDENTIFIER = com.sako.SakodaTrainingRSSReaderAppTests;
				PRODUCT_NAME = "$(TARGET_NAME)";
				SWIFT_EMIT_LOC_STRINGS = NO;
				SWIFT_VERSION = 5.0;
				TARGETED_DEVICE_FAMILY = "1,2";
				TEST_HOST = "$(BUILT_PRODUCTS_DIR)/SakodaTrainingRSSReaderApp.app/$(BUNDLE_EXECUTABLE_FOLDER_PATH)/SakodaTrainingRSSReaderApp";
			};
			name = Release;
		};
		692E35B12C170CA000B14E0D /* Debug */ = {
			isa = XCBuildConfiguration;
			buildSettings = {
				ALWAYS_EMBED_SWIFT_STANDARD_LIBRARIES = YES;
				CODE_SIGN_STYLE = Automatic;
				CURRENT_PROJECT_VERSION = 1;
				DEVELOPMENT_TEAM = 6NMWZ48XL4;
				GENERATE_INFOPLIST_FILE = YES;
				MARKETING_VERSION = 1.0;
				PRODUCT_BUNDLE_IDENTIFIER = com.sako.SakodaTrainingRSSReaderAppUITests;
				PRODUCT_NAME = "$(TARGET_NAME)";
				SWIFT_EMIT_LOC_STRINGS = NO;
				SWIFT_VERSION = 5.0;
				TARGETED_DEVICE_FAMILY = "1,2";
				TEST_TARGET_NAME = SakodaTrainingRSSReaderApp;
			};
			name = Debug;
		};
		692E35B22C170CA000B14E0D /* Release */ = {
			isa = XCBuildConfiguration;
			buildSettings = {
				ALWAYS_EMBED_SWIFT_STANDARD_LIBRARIES = YES;
				CODE_SIGN_STYLE = Automatic;
				CURRENT_PROJECT_VERSION = 1;
				DEVELOPMENT_TEAM = 6NMWZ48XL4;
				GENERATE_INFOPLIST_FILE = YES;
				MARKETING_VERSION = 1.0;
				PRODUCT_BUNDLE_IDENTIFIER = com.sako.SakodaTrainingRSSReaderAppUITests;
				PRODUCT_NAME = "$(TARGET_NAME)";
				SWIFT_EMIT_LOC_STRINGS = NO;
				SWIFT_VERSION = 5.0;
				TARGETED_DEVICE_FAMILY = "1,2";
				TEST_TARGET_NAME = SakodaTrainingRSSReaderApp;
			};
			name = Release;
		};
/* End XCBuildConfiguration section */

/* Begin XCConfigurationList section */
		692E357B2C170C9F00B14E0D /* Build configuration list for PBXProject "SakodaTrainingRSSReaderApp" */ = {
			isa = XCConfigurationList;
			buildConfigurations = (
				692E35A82C170CA000B14E0D /* Debug */,
				692E35A92C170CA000B14E0D /* Release */,
			);
			defaultConfigurationIsVisible = 0;
			defaultConfigurationName = Release;
		};
		692E35AA2C170CA000B14E0D /* Build configuration list for PBXNativeTarget "SakodaTrainingRSSReaderApp" */ = {
			isa = XCConfigurationList;
			buildConfigurations = (
				692E35AB2C170CA000B14E0D /* Debug */,
				692E35AC2C170CA000B14E0D /* Release */,
			);
			defaultConfigurationIsVisible = 0;
			defaultConfigurationName = Release;
		};
		692E35AD2C170CA000B14E0D /* Build configuration list for PBXNativeTarget "SakodaTrainingRSSReaderAppTests" */ = {
			isa = XCConfigurationList;
			buildConfigurations = (
				692E35AE2C170CA000B14E0D /* Debug */,
				692E35AF2C170CA000B14E0D /* Release */,
			);
			defaultConfigurationIsVisible = 0;
			defaultConfigurationName = Release;
		};
		692E35B02C170CA000B14E0D /* Build configuration list for PBXNativeTarget "SakodaTrainingRSSReaderAppUITests" */ = {
			isa = XCConfigurationList;
			buildConfigurations = (
				692E35B12C170CA000B14E0D /* Debug */,
				692E35B22C170CA000B14E0D /* Release */,
			);
			defaultConfigurationIsVisible = 0;
			defaultConfigurationName = Release;
		};
/* End XCConfigurationList section */

/* Begin XCRemoteSwiftPackageReference section */
		692E36092C18787900B14E0D /* XCRemoteSwiftPackageReference "XMLCoder" */ = {
			isa = XCRemoteSwiftPackageReference;
			repositoryURL = "https://github.com/CoreOffice/XMLCoder.git";
			requirement = {
				kind = upToNextMajorVersion;
				minimumVersion = 0.17.1;
			};
		};
/* End XCRemoteSwiftPackageReference section */

/* Begin XCSwiftPackageProductDependency section */
		692E360A2C18787900B14E0D /* XMLCoder */ = {
			isa = XCSwiftPackageProductDependency;
			package = 692E36092C18787900B14E0D /* XCRemoteSwiftPackageReference "XMLCoder" */;
			productName = XMLCoder;
		};
/* End XCSwiftPackageProductDependency section */
	};
	rootObject = 692E35782C170C9F00B14E0D /* Project object */;
}
